<?xml version="1.0" encoding="utf-8"?>
<Project ToolsVersion="4.0" xmlns="http://schemas.microsoft.com/developer/msbuild/2003">
  <ItemGroup>
    <Filter Include="Source Files">
      <UniqueIdentifier>{4FC737F1-C7A5-4376-A066-2A32D752A2FF}</UniqueIdentifier>
      <Extensions>cpp;c;cc;cxx;def;odl;idl;hpj;bat;asm;asmx</Extensions>
    </Filter>
    <Filter Include="Header Files">
      <UniqueIdentifier>{93995380-89BD-4b04-88EB-625FBE52EBFB}</UniqueIdentifier>
      <Extensions>h;hh;hpp;hxx;hm;inl;inc;xsd</Extensions>
    </Filter>
    <Filter Include="Resource Files">
      <UniqueIdentifier>{67DA6AB6-F800-4c08-8B7A-83BB121AAD01}</UniqueIdentifier>
      <Extensions>rc;ico;cur;bmp;dlg;rc2;rct;bin;rgs;gif;jpg;jpeg;jpe;resx;tiff;tif;png;wav;mfcribbon-ms</Extensions>
    </Filter>
    <Filter Include="VideoSource">
      <UniqueIdentifier>{f87ac5de-37e8-4f91-8143-059240b49ce5}</UniqueIdentifier>
    </Filter>
    <Filter Include="common">
      <UniqueIdentifier>{5b95e029-8b32-429b-8926-cbe04131b342}</UniqueIdentifier>
    </Filter>
  </ItemGroup>
  <ItemGroup>
    <Text Include="ReadMe.txt" />
  </ItemGroup>
  <ItemGroup>
    <ClInclude Include="AdvertiseVideoSource.h">
      <Filter>Header Files</Filter>
    </ClInclude>
    <ClInclude Include="AdvertiseVideoSourceDlg.h">
      <Filter>Header Files</Filter>
    </ClInclude>
    <ClInclude Include="stdafx.h">
      <Filter>Header Files</Filter>
    </ClInclude>
    <ClInclude Include="targetver.h">
      <Filter>Header Files</Filter>
    </ClInclude>
    <ClInclude Include="Resource.h">
      <Filter>Header Files</Filter>
    </ClInclude>
    <ClInclude Include="video_source.h">
      <Filter>VideoSource</Filter>
    </ClInclude>
    <ClInclude Include="video_source_param_parser.h">
      <Filter>VideoSource</Filter>
    </ClInclude>
    <ClInclude Include="..\common\agora_log.h">
      <Filter>common</Filter>
    </ClInclude>
    <ClInclude Include="video_source_event_handler.h">
      <Filter>VideoSource</Filter>
    </ClInclude>
    <ClInclude Include="..\common\video_source_ipc.h">
      <Filter>common</Filter>
    </ClInclude>
    <ClInclude Include="..\common\node_event.h">
      <Filter>common</Filter>
    </ClInclude>
    <ClInclude Include="..\common\process_win.h">
      <Filter>common</Filter>
    </ClInclude>
    <ClInclude Include="AgoraCameraManager.h">
      <Filter>VideoSource</Filter>
    </ClInclude>
  </ItemGroup>
  <ItemGroup>
    <ClCompile Include="AdvertiseVideoSource.cpp">
      <Filter>Source Files</Filter>
    </ClCompile>
    <ClCompile Include="AdvertiseVideoSourceDlg.cpp">
      <Filter>Source Files</Filter>
    </ClCompile>
    <ClCompile Include="stdafx.cpp">
      <Filter>Source Files</Filter>
    </ClCompile>
    <ClCompile Include="video_source.cpp">
      <Filter>VideoSource</Filter>
    </ClCompile>
    <ClCompile Include="video_source_param_parser.cpp">
      <Filter>VideoSource</Filter>
    </ClCompile>
    <ClCompile Include="..\common\agora_log.cpp">
      <Filter>common</Filter>
    </ClCompile>
    <ClCompile Include="video_source_event_handler.cpp">
      <Filter>VideoSource</Filter>
    </ClCompile>
    <ClCompile Include="..\common\video_source_ipc.cpp">
      <Filter>common</Filter>
    </ClCompile>
    <ClCompile Include="..\common\node_event.cpp">
      <Filter>common</Filter>
    </ClCompile>
    <ClCompile Include="..\common\process_win.cpp">
      <Filter>common</Filter>
    </ClCompile>
    <ClCompile Include="AgoraCameraManager.cpp">
      <Filter>VideoSource</Filter>
    </ClCompile>
  </ItemGroup>
  <ItemGroup>
    <ResourceCompile Include="AdvertiseVideoSource.rc">
      <Filter>Resource Files</Filter>
    </ResourceCompile>
  </ItemGroup>
  <ItemGroup>
    <None Include="res\AdvertiseVideoSource.rc2">
      <Filter>Resource Files</Filter>
    </None>
  </ItemGroup>
  <ItemGroup>
    <Image Include="res\AdvertiseVideoSource.ico">
      <Filter>Resource Files</Filter>
    </Image>
  </ItemGroup>
</Project>